
Microsoft Visual Studio Solution File, Format Version 12.00
# Visual Studio Version 16
VisualStudioVersion = 16.0.32126.315
MinimumVisualStudioVersion = 10.0.40219.1
Project("{FAE04EC0-301F-11D3-BF4B-00C04F79EFBC}") = "WebApplication2", "WebApplication2\WebApplication2.csproj", "{C6374C93-587C-4D79-B489-3C7B436912ED}"
EndProject
Project("{9A19103F-16F7-4668-BE54-9A1E7A4F7556}") = "MyProject", "MyProject\MyProject.csproj", "{1E268021-BB7C-4486-9BD7-51AA6E989D94}"
EndProject
Global
	GlobalSection(SolutionConfigurationPlatforms) = preSolution
		Debug|Any CPU = Debug|Any CPU
		Release|Any CPU = Release|Any CPU
	EndGlobalSection
	GlobalSection(ProjectConfigurationPlatforms) = postSolution
		{C6374C93-587C-4D79-B489-3C7B436912ED}.Debug|Any CPU.ActiveCfg = Debug|Any CPU
		{C6374C93-587C-4D79-B489-3C7B436912ED}.Debug|Any CPU.Build.0 = Debug|Any CPU
		{C6374C93-587C-4D79-B489-3C7B436912ED}.Release|Any CPU.ActiveCfg = Release|Any CPU
		{C6374C93-587C-4D79-B489-3C7B436912ED}.Release|Any CPU.Build.0 = Release|Any CPU
		{1E268021-BB7C-4486-9BD7-51AA6E989D94}.Debug|Any CPU.ActiveCfg = Debug|Any CPU
		{1E268021-BB7C-4486-9BD7-51AA6E989D94}.Debug|Any CPU.Build.0 = Debug|Any CPU
		{1E268021-BB7C-4486-9BD7-51AA6E989D94}.Release|Any CPU.ActiveCfg = Release|Any CPU
		{1E268021-BB7C-4486-9BD7-51AA6E989D94}.Release|Any CPU.Build.0 = Release|Any CPU
	EndGlobalSection
	GlobalSection(SolutionProperties) = preSolution
		HideSolutionNode = FALSE
	EndGlobalSection
	GlobalSection(ExtensibilityGlobals) = postSolution
		SolutionGuid = {C31EA18A-0647-47E7-A7A2-06982C69DD07}
	EndGlobalSection
EndGlobal
